
Microsoft Visual Studio Solution File, Format Version 12.00
# Visual Studio Version 17
VisualStudioVersion = 17.10.35013.160
MinimumVisualStudioVersion = 10.0.40219.1
Project("{FAE04EC0-301F-11D3-BF4B-00C04F79EFBC}") = "HealthRecordAutomation", "HealthRecordAutomation\HealthRecordAutomation.csproj", "{702F9DAD-C5E6-41C6-B2D7-566D1015689F}"
EndProject
Global
	GlobalSection(SolutionConfigurationPlatforms) = preSolution
		Debug|Any CPU = Debug|Any CPU
		Release|Any CPU = Release|Any CPU
	EndGlobalSection
	GlobalSection(ProjectConfigurationPlatforms) = postSolution
		{702F9DAD-C5E6-41C6-B2D7-566D1015689F}.Debug|Any CPU.ActiveCfg = Debug|Any CPU
		{702F9DAD-C5E6-41C6-B2D7-566D1015689F}.Debug|Any CPU.Build.0 = Debug|Any CPU
		{702F9DAD-C5E6-41C6-B2D7-566D1015689F}.Release|Any CPU.ActiveCfg = Release|Any CPU
		{702F9DAD-C5E6-41C6-B2D7-566D1015689F}.Release|Any CPU.Build.0 = Release|Any CPU
	EndGlobalSection
	GlobalSection(SolutionProperties) = preSolution
		HideSolutionNode = FALSE
	EndGlobalSection
	GlobalSection(ExtensibilityGlobals) = postSolution
		SolutionGuid = {95C0B3F1-24C8-4C75-A188-0B93CD7333F9}
	EndGlobalSection
EndGlobal
